
Microsoft Visual Studio Solution File, Format Version 12.00
# Visual Studio Version 17
VisualStudioVersion = 17.13.35806.99
MinimumVisualStudioVersion = 10.0.40219.1
Project("{FAE04EC0-301F-11D3-BF4B-00C04F79EFBC}") = "Freelancing", "Freelancing.csproj", "{0A9F08A3-1FB4-4EF1-8E9E-C74EA25E4F75}"
EndProject
Global
	GlobalSection(SolutionConfigurationPlatforms) = preSolution
		Debug|Any CPU = Debug|Any CPU
		Release|Any CPU = Release|Any CPU
	EndGlobalSection
	GlobalSection(ProjectConfigurationPlatforms) = postSolution
		{0A9F08A3-1FB4-4EF1-8E9E-C74EA25E4F75}.Debug|Any CPU.ActiveCfg = Debug|Any CPU
		{0A9F08A3-1FB4-4EF1-8E9E-C74EA25E4F75}.Debug|Any CPU.Build.0 = Debug|Any CPU
		{0A9F08A3-1FB4-4EF1-8E9E-C74EA25E4F75}.Release|Any CPU.ActiveCfg = Release|Any CPU
		{0A9F08A3-1FB4-4EF1-8E9E-C74EA25E4F75}.Release|Any CPU.Build.0 = Release|Any CPU
	EndGlobalSection
	GlobalSection(SolutionProperties) = preSolution
		HideSolutionNode = FALSE
	EndGlobalSection
	GlobalSection(ExtensibilityGlobals) = postSolution
		SolutionGuid = {8CD9C702-C7A3-461D-99AA-20D4BB17E0CA}
	EndGlobalSection
EndGlobal
